{
  "version": 2,
  "dependencies": {
    "net10.0": {
      "DotNetProjectFile.Analyzers": {
        "type": "Direct",
        "requested": "[1.15.2, )",
        "resolved": "1.15.2",
        "contentHash": "waAOyVGjDWA4Vw4xvrITEdBeRPNRhTIpJ4qwWXrOefvV1/WY3rY5OcaLJJdBERqEJKT3ADDkYD6zFh7Er7JwZg=="
      },
      "Meziantou.Analyzer": {
        "type": "Direct",
        "requested": "[3.0.122, )",
        "resolved": "3.0.122",
        "contentHash": "bmo+TIK9fLG/NzlZ2Qi5lto2jG/N6/zmc7gDVp5uzvVmnDKMV5SmUR7jToSbx/oqTPMV3ajyCmo2kFBdPDlU0A=="
      },
      "Microsoft.VisualStudio.Threading.Analyzers": {
        "type": "Direct",
        "requested": "[18.7.23, )",
        "resolved": "18.7.23",
        "contentHash": "dyj6z8m+LFjpeH69hdnciCcRCmD0YgMlvuQEywiEshjqj/blgQ+PuWX8Vd5gkWQFoBN4e+TFxx6DvGNSv/gIKg=="
      },
      "PublicApiGenerator": {
        "type": "Direct",
        "requested": "[11.5.4, )",
        "resolved": "11.5.4",
        "contentHash": "Va382WG4Vng8kCtDaAP5solqbhayMMlW1E+e/DV/w39yJPybmMgy8fbdUvvQgG93EMILx7JtJbGS1HRhVNTUVQ==",
        "dependencies": {
          "Mono.Cecil": "0.11.6",
          "System.CodeDom": "6.0.0"
        }
      },
      "Roslynator.Analyzers": {
        "type": "Direct",
        "requested": "[4.15.0, )",
        "resolved": "4.15.0",
        "contentHash": "E8fu71Y+vzhniJKy1K13Rzwm8Vjcj7CDFBpflqncKUZfc3SzuF0kMBiyMmgXNPkjWTdE3Z+30HlGgYjHONZY/Q=="
      },
      "SnapshotAssertions.TUnit": {
        "type": "Direct",
        "requested": "[0.7.1, )",
        "resolved": "0.7.1",
        "contentHash": "bKmAZDJL4a3EOOu0M175p3nmeOB3SKSF9vYwVKRCydAwGgylqbjIyScwhZK34RFXVWUS2KxuEuCf84aBBikYsQ==",
        "dependencies": {
          "SnapshotAssertions": "0.7.1",
          "TUnit.Assertions": "1.54.0",
          "TUnit.Core": "1.54.0"
        }
      },
      "SonarAnalyzer.CSharp": {
        "type": "Direct",
        "requested": "[10.29.0.143774, )",
        "resolved": "10.29.0.143774",
        "contentHash": "YOBCHTjqb4ak7yjLQhQJ6S0+aTkgnuMcekjCrhWruyIIoWlB1C8W+Fgr18bWit+xx7Gd9sNl5sziOwh6D804Hg=="
      },
      "TUnit": {
        "type": "Direct",
        "requested": "[1.59.0, )",
        "resolved": "1.59.0",
        "contentHash": "SVli03HT+5npFGbFR2ei4qLezmqMHX79x/hXRCSt3AOG4XWIgp+2W5csqahSFF0WAF8jWyivZKw07pGcMDbUpQ==",
        "dependencies": {
          "Microsoft.Testing.Extensions.CodeCoverage": "18.9.0",
          "Microsoft.Testing.Extensions.Telemetry": "2.3.1",
          "Microsoft.Testing.Extensions.TrxReport": "2.3.1",
          "TUnit.Assertions": "1.59.0",
          "TUnit.Engine": "1.59.0"
        }
      },
      "EnumerableAsyncProcessor": {
        "type": "Transitive",
        "resolved": "3.8.4",
        "contentHash": "KlbpupRCz3Kf+P7gsiDvFXJ980i/9lfihMZFmmxIk0Gf6mopEjy74OTJZmdaKDQpE29eQDBnMZB5khyW3eugrg=="
      },
      "Microsoft.ApplicationInsights": {
        "type": "Transitive",
        "resolved": "2.23.0",
        "contentHash": "nWArUZTdU7iqZLycLKWe0TDms48KKGE6pONH2terYNa8REXiqixrMOkf1sk5DHGMaUTqONU2YkS4SAXBhLStgw=="
      },
      "Microsoft.DiaSymReader": {
        "type": "Transitive",
        "resolved": "2.2.9",
        "contentHash": "WLbDc/W9XkHpGVtd1L6Vml8W6+PaaYZZTJASHjHF7W2WX/hld6bfNK102Ui+I3a6zIdx4+oKRJtMgHz44JmBfw=="
      },
      "Microsoft.Extensions.DependencyModel": {
        "type": "Transitive",
        "resolved": "10.0.8",
        "contentHash": "vLyZVpxmduO2jx+76ggqnsA3m81kwMY3NkWciNTj5E+Nvqb0VihqCvQP89QsGONWp0AJwMZG+u9GzaCjDdFGNw=="
      },
      "Microsoft.Testing.Extensions.CodeCoverage": {
        "type": "Transitive",
        "resolved": "18.9.0",
        "contentHash": "Odp8djWEUFTJoRV02y0zJaAwAHF31CtNaDgnKKM+8dBHbbaH7Ee0oo9gweLpbzjI7UrtMUzH6xLJSrICZw+Nwg==",
        "dependencies": {
          "Microsoft.DiaSymReader": "2.2.9",
          "Microsoft.Extensions.DependencyModel": "10.0.8",
          "Microsoft.Testing.Platform": "2.3.0"
        }
      },
      "Microsoft.Testing.Extensions.Telemetry": {
        "type": "Transitive",
        "resolved": "2.3.1",
        "contentHash": "SrlzgK9X4YM2No6LqXJg7ZPC0UNgjiy+wTwb3OhiSYfuNjQWJXGyL+iWtKOqHwJ/C1eGmyz7Cqs5WOE1Cp191g==",
        "dependencies": {
          "Microsoft.ApplicationInsights": "2.23.0",
          "Microsoft.Testing.Platform": "2.3.1"
        }
      },
      "Microsoft.Testing.Extensions.TrxReport": {
        "type": "Transitive",
        "resolved": "2.3.1",
        "contentHash": "nuYT2oV6xht8HkRWsPJvNbM1CwiHiwe6T4B5XsJv2eKCGbE68/teMJlzNybYn2TWJ0oBuYgbTroFDhgciYUMcQ==",
        "dependencies": {
          "Microsoft.Testing.Extensions.TrxReport.Abstractions": "2.3.1",
          "Microsoft.Testing.Platform": "2.3.1"
        }
      },
      "Microsoft.Testing.Extensions.TrxReport.Abstractions": {
        "type": "Transitive",
        "resolved": "2.3.1",
        "contentHash": "RpMkMST/uzU3UMGMtqu5PjXk7mg4pyHLKP0tCdpt6fIqWvAsO7Vp34eA6bwdgtlQZMBCXZMlFiavGIxTGAOfHA==",
        "dependencies": {
          "Microsoft.Testing.Platform": "2.3.1"
        }
      },
      "Microsoft.Testing.Platform": {
        "type": "Transitive",
        "resolved": "2.3.1",
        "contentHash": "sZlgL8zvquO/uOMFK9YdovHzfnI/MPNXvakTPskKzRB3CQp9Yzdqs9ZFew7STlNzib9X/twjezdSPW4CE9YjIQ=="
      },
      "Microsoft.Testing.Platform.MSBuild": {
        "type": "Transitive",
        "resolved": "2.3.1",
        "contentHash": "ikKS89MaM4gWwBr+ApcV2vy55v0kauOpBFqY7Mh0LCcLtiNlFsumZmjOc4BPt+msJhDf83o03/kuucVtepb55w==",
        "dependencies": {
          "Microsoft.Testing.Platform": "2.3.1"
        }
      },
      "Mono.Cecil": {
        "type": "Transitive",
        "resolved": "0.11.6",
        "contentHash": "f33RkDtZO8VlGXCtmQIviOtxgnUdym9xx/b1p9h91CRGOsJFxCFOFK1FDbVt1OCf1aWwYejUFa2MOQyFWTFjbA=="
      },
      "SnapshotAssertions": {
        "type": "Transitive",
        "resolved": "0.7.1",
        "contentHash": "jYzVjByktXTLrRdS8aFWAE9yaDl09aw7XS6+dp3XVdKH0akQM/8F9e0wXOjcVHohA5QXsAtNtEXT+3GmpM1Biw=="
      },
      "System.CodeDom": {
        "type": "Transitive",
        "resolved": "6.0.0",
        "contentHash": "CPc6tWO1LAer3IzfZufDBRL+UZQcj5uS207NHALQzP84Vp/z6wF0Aa0YZImOQY8iStY0A2zI/e3ihKNPfUm8XA=="
      },
      "TUnit.Engine": {
        "type": "Transitive",
        "resolved": "1.59.0",
        "contentHash": "k/neoxCXZnsZjXZXYh9shWx0oAo6YMzvOTRglNqqQx3J/KaCHdSje01oQ2wg7NUL3oS8XC9KnCIr8YuObAgu7Q==",
        "dependencies": {
          "EnumerableAsyncProcessor": "3.8.4",
          "Microsoft.Testing.Extensions.TrxReport.Abstractions": "2.3.1",
          "Microsoft.Testing.Platform": "2.3.1",
          "Microsoft.Testing.Platform.MSBuild": "2.3.1",
          "TUnit.Core": "1.59.0"
        }
      },
      "tracingassertions": {
        "type": "Project"
      },
      "tracingassertions.tunit": {
        "type": "Project",
        "dependencies": {
          "TUnit.Assertions": "[1.59.0, )",
          "TUnit.Core": "[1.59.0, )",
          "TracingAssertions": "[0.2.0, )"
        }
      },
      "TUnit.Assertions": {
        "type": "CentralTransitive",
        "requested": "[1.59.0, )",
        "resolved": "1.59.0",
        "contentHash": "PgNSLv4rgfHGb8fR/+Ug/zD1zKzzWOMmAlBxDqPO8mADanM5+jd1JtpgJ2lX6hwgP3h913mpUD/jruWzHF97MA=="
      },
      "TUnit.Core": {
        "type": "CentralTransitive",
        "requested": "[1.59.0, )",
        "resolved": "1.59.0",
        "contentHash": "0bq/+KBmQfwVmUDu5KYUmAtkEdFX07x6IEu4FbATNlwfcyAP53ERfE0Bjsy4H3IVE4dVbrgz3jyZ5ujuwb7ijA=="
      }
    }
  }
}