{
  "version": 2,
  "dependencies": {
    "net10.0": {
      "DotNetProjectFile.Analyzers": {
        "type": "Direct",
        "requested": "[1.17.0, )",
        "resolved": "1.17.0",
        "contentHash": "M/hKP5/XEfyc4zcNI7+UTzNga9m80M7MaqcQLAVwVoQZ7hiGvkvkVzPkoJeOqB07Gb6WXl4hkDG5lVozluleYA=="
      },
      "Meziantou.Analyzer": {
        "type": "Direct",
        "requested": "[3.0.194, )",
        "resolved": "3.0.194",
        "contentHash": "mhGE9ibZXpdL76b7xyf6IqoK5CLcfSRy8YK/38sgmmy2yuOGYXsBg22LePF9hdsBZs8m8+4QSKhvAfnt7rAM9w=="
      },
      "Microsoft.VisualStudio.Threading.Analyzers": {
        "type": "Direct",
        "requested": "[18.7.23, )",
        "resolved": "18.7.23",
        "contentHash": "dyj6z8m+LFjpeH69hdnciCcRCmD0YgMlvuQEywiEshjqj/blgQ+PuWX8Vd5gkWQFoBN4e+TFxx6DvGNSv/gIKg=="
      },
      "PublicApiGenerator": {
        "type": "Direct",
        "requested": "[11.5.4, )",
        "resolved": "11.5.4",
        "contentHash": "Va382WG4Vng8kCtDaAP5solqbhayMMlW1E+e/DV/w39yJPybmMgy8fbdUvvQgG93EMILx7JtJbGS1HRhVNTUVQ==",
        "dependencies": {
          "Mono.Cecil": "0.11.6",
          "System.CodeDom": "6.0.0"
        }
      },
      "Roslynator.Analyzers": {
        "type": "Direct",
        "requested": "[5.0.0, )",
        "resolved": "5.0.0",
        "contentHash": "+J5kR/naCd62IwY2BG9P0QoHnJM8liBUFFAk6jga1t9s61JC3M+ofb3AY3wc73/pdROyKFCURqctQh8WRCIT/w=="
      },
      "SnapshotAssertions.TUnit": {
        "type": "Direct",
        "requested": "[0.7.1, )",
        "resolved": "0.7.1",
        "contentHash": "bKmAZDJL4a3EOOu0M175p3nmeOB3SKSF9vYwVKRCydAwGgylqbjIyScwhZK34RFXVWUS2KxuEuCf84aBBikYsQ==",
        "dependencies": {
          "SnapshotAssertions": "0.7.1",
          "TUnit.Assertions": "1.54.0",
          "TUnit.Core": "1.54.0"
        }
      },
      "SonarAnalyzer.CSharp": {
        "type": "Direct",
        "requested": "[10.33.0.1635, )",
        "resolved": "10.33.0.1635",
        "contentHash": "nOwgvMh7p64z62GTy2n4Ki51DVy4Q2ejxxfuclW6Y5u6Htk1i2RNRqxuONiZ/4aaBi8V6RwzuCcGTOFcoVoQOg=="
      },
      "TUnit": {
        "type": "Direct",
        "requested": "[1.65.68, )",
        "resolved": "1.65.68",
        "contentHash": "m9T37lAzkKxAbnj3PkKQ9irRC0CvL8P2tuE2UzRyEsaaWMZZXIDHmSqjs4RDN4URnvT8iFfp3/1TLPUi4cwtXg==",
        "dependencies": {
          "Microsoft.Testing.Extensions.CodeCoverage": "18.10.0",
          "Microsoft.Testing.Extensions.Telemetry": "2.3.3",
          "Microsoft.Testing.Extensions.TrxReport": "2.3.3",
          "TUnit.Assertions": "1.65.68",
          "TUnit.Engine": "1.65.68"
        }
      },
      "Microsoft.ApplicationInsights": {
        "type": "Transitive",
        "resolved": "2.23.0",
        "contentHash": "nWArUZTdU7iqZLycLKWe0TDms48KKGE6pONH2terYNa8REXiqixrMOkf1sk5DHGMaUTqONU2YkS4SAXBhLStgw=="
      },
      "Microsoft.DiaSymReader": {
        "type": "Transitive",
        "resolved": "2.2.10",
        "contentHash": "zmGsm6b2y3STDa/Of7rdkkfTDV8VuGB8aCqIkLoJIQh5tL78K3zJ8OUyFKnfsaORXmGr9iOKwDkZfUjeXi+CwA=="
      },
      "Microsoft.Extensions.DependencyModel": {
        "type": "Transitive",
        "resolved": "10.0.10",
        "contentHash": "rfZA1RjR021RPqSmIPovfz2aOd79TGqJ9BengbjnzIISOVwjLmuSDnhCMmiY/1c6iYvGolQ1iNGzkav0u11XEA=="
      },
      "Microsoft.Testing.Extensions.CodeCoverage": {
        "type": "Transitive",
        "resolved": "18.10.0",
        "contentHash": "elUX4tKloHh2VCxagbmhV1039xBuE3lKXITtt/hUYU286hl+ja8poOUsF9OnevKoFKt7+p9vLb1LqqW7rFGi9Q==",
        "dependencies": {
          "Microsoft.DiaSymReader": "2.2.10",
          "Microsoft.Extensions.DependencyModel": "10.0.10",
          "Microsoft.Testing.Platform": "2.3.3"
        }
      },
      "Microsoft.Testing.Extensions.Telemetry": {
        "type": "Transitive",
        "resolved": "2.3.3",
        "contentHash": "nY8ceQyPWB9TRE1WE5Oe/sks2e10SxgPv61vBHsFYpgCeDtNwhpMZwmL29GklO3/etTdOsLdrCmNr4zJWaR2fg==",
        "dependencies": {
          "Microsoft.ApplicationInsights": "2.23.0",
          "Microsoft.Testing.Platform": "2.3.3"
        }
      },
      "Microsoft.Testing.Extensions.TrxReport": {
        "type": "Transitive",
        "resolved": "2.3.3",
        "contentHash": "vYBqGSlT94B8d6d4PRdPQ83ogn3kK4kXcnI3SlHBHZu1XsU01IDTMnWoto5v5wXN/Mz4XsVM3Do/sJdGRgH29g==",
        "dependencies": {
          "Microsoft.Testing.Extensions.TrxReport.Abstractions": "2.3.3",
          "Microsoft.Testing.Platform": "2.3.3"
        }
      },
      "Microsoft.Testing.Extensions.TrxReport.Abstractions": {
        "type": "Transitive",
        "resolved": "2.3.3",
        "contentHash": "dceVNxnfTEjKnrIreLcMfkgrzzBY8kgCCJX5NAv7Lq/6vPlTP4VB5zxKeuYy0yfCoBtWuPkLjUG6qtOBMfpypA==",
        "dependencies": {
          "Microsoft.Testing.Platform": "2.3.3"
        }
      },
      "Microsoft.Testing.Platform": {
        "type": "Transitive",
        "resolved": "2.3.3",
        "contentHash": "ENbH4BQh9riXtOKc25KKITfiGGWhWMBJA7pZuNaF9zxzzSaVkp5AMeZxGQ6sXYaR6xb724NLz985Is6XIYqLSg=="
      },
      "Microsoft.Testing.Platform.MSBuild": {
        "type": "Transitive",
        "resolved": "2.3.3",
        "contentHash": "iVAvNbZ5JPDZSrTcIrCDoCsAkzjDxwDEt2mDuMd8ng1P6e2P2NCd0g0BsoBVG+nJLSmK//V+yeEvjCa3E2fxHw==",
        "dependencies": {
          "Microsoft.Testing.Platform": "2.3.3"
        }
      },
      "Mono.Cecil": {
        "type": "Transitive",
        "resolved": "0.11.6",
        "contentHash": "f33RkDtZO8VlGXCtmQIviOtxgnUdym9xx/b1p9h91CRGOsJFxCFOFK1FDbVt1OCf1aWwYejUFa2MOQyFWTFjbA=="
      },
      "SnapshotAssertions": {
        "type": "Transitive",
        "resolved": "0.7.1",
        "contentHash": "jYzVjByktXTLrRdS8aFWAE9yaDl09aw7XS6+dp3XVdKH0akQM/8F9e0wXOjcVHohA5QXsAtNtEXT+3GmpM1Biw=="
      },
      "System.CodeDom": {
        "type": "Transitive",
        "resolved": "6.0.0",
        "contentHash": "CPc6tWO1LAer3IzfZufDBRL+UZQcj5uS207NHALQzP84Vp/z6wF0Aa0YZImOQY8iStY0A2zI/e3ihKNPfUm8XA=="
      },
      "TUnit.Engine": {
        "type": "Transitive",
        "resolved": "1.65.68",
        "contentHash": "1D0LcIzrz7th8AP8vHGK/5vWsxa4QnJurMRGuo6y+vzDePkfCRXGGirLd7Cty8Bs87dIFaiRI9AvAKWDzkOHuQ==",
        "dependencies": {
          "Microsoft.Testing.Extensions.TrxReport.Abstractions": "2.3.3",
          "Microsoft.Testing.Platform": "2.3.3",
          "Microsoft.Testing.Platform.MSBuild": "2.3.3",
          "TUnit.Core": "1.65.68"
        }
      },
      "tracingassertions": {
        "type": "Project"
      },
      "tracingassertions.tunit": {
        "type": "Project",
        "dependencies": {
          "TUnit.Assertions": "[1.65.68, )",
          "TUnit.Core": "[1.65.68, )",
          "TracingAssertions": "[0.2.0, )"
        }
      },
      "TUnit.Assertions": {
        "type": "CentralTransitive",
        "requested": "[1.65.68, )",
        "resolved": "1.65.68",
        "contentHash": "9k88ue1cG4Gt2M2le3VQrdWK3ngTxSXdnXshvsVr3jeH80ZmBTGIZ5K5EdZpIkdca6j10pcMmJSHuFhkSz85Nw=="
      },
      "TUnit.Core": {
        "type": "CentralTransitive",
        "requested": "[1.65.68, )",
        "resolved": "1.65.68",
        "contentHash": "5uE6TGXwY/ozRgz5qNLK+n6XGfS2tgG8AA2loA1YilBZTMgbnv2QoPdyBPS4f/uQQZ1sclCq7zdF1aUQkDxNug=="
      }
    }
  }
}