{
  "version": 2,
  "dependencies": {
    "net10.0": {
      "DotNetProjectFile.Analyzers": {
        "type": "Direct",
        "requested": "[1.15.1, )",
        "resolved": "1.15.1",
        "contentHash": "tfIqswLOYPLGuvmYioo64ooQkpIO3x5U0SfeDgNAhnuXIpHTrcOcUb5gzUfQtYRz6NJTIWERYUouJGGS/BuXFQ=="
      },
      "Meziantou.Analyzer": {
        "type": "Direct",
        "requested": "[3.0.115, )",
        "resolved": "3.0.115",
        "contentHash": "HXp8maNxVdqsZWHjZmpoDdvecmxgEkY1juAFPyKI4edN+PhLBinnCov7UkVmYFgdlGRo8BDmY6ZzE4RkJee19A=="
      },
      "Microsoft.VisualStudio.Threading.Analyzers": {
        "type": "Direct",
        "requested": "[18.7.23, )",
        "resolved": "18.7.23",
        "contentHash": "dyj6z8m+LFjpeH69hdnciCcRCmD0YgMlvuQEywiEshjqj/blgQ+PuWX8Vd5gkWQFoBN4e+TFxx6DvGNSv/gIKg=="
      },
      "PublicApiGenerator": {
        "type": "Direct",
        "requested": "[11.5.4, )",
        "resolved": "11.5.4",
        "contentHash": "Va382WG4Vng8kCtDaAP5solqbhayMMlW1E+e/DV/w39yJPybmMgy8fbdUvvQgG93EMILx7JtJbGS1HRhVNTUVQ==",
        "dependencies": {
          "Mono.Cecil": "0.11.6",
          "System.CodeDom": "6.0.0"
        }
      },
      "Roslynator.Analyzers": {
        "type": "Direct",
        "requested": "[4.15.0, )",
        "resolved": "4.15.0",
        "contentHash": "E8fu71Y+vzhniJKy1K13Rzwm8Vjcj7CDFBpflqncKUZfc3SzuF0kMBiyMmgXNPkjWTdE3Z+30HlGgYjHONZY/Q=="
      },
      "SnapshotAssertions.TUnit": {
        "type": "Direct",
        "requested": "[0.7.1, )",
        "resolved": "0.7.1",
        "contentHash": "bKmAZDJL4a3EOOu0M175p3nmeOB3SKSF9vYwVKRCydAwGgylqbjIyScwhZK34RFXVWUS2KxuEuCf84aBBikYsQ==",
        "dependencies": {
          "SnapshotAssertions": "0.7.1",
          "TUnit.Assertions": "1.54.0",
          "TUnit.Core": "1.54.0"
        }
      },
      "SonarAnalyzer.CSharp": {
        "type": "Direct",
        "requested": "[10.27.0.140913, )",
        "resolved": "10.27.0.140913",
        "contentHash": "cxk12QjN9io1SjN36B1QO+9dRf+ek2CGfQGsOWtHBojE35cKchKJod48raxZwe47jHhzmAUO4AJSh7+hF0GS4g=="
      },
      "TUnit": {
        "type": "Direct",
        "requested": "[1.56.35, )",
        "resolved": "1.56.35",
        "contentHash": "MIDfuoxsk98sKfipS6aTGddpBcDWL/7LPIvrzzS/meTmQPzNAyFpR0GopHjrBqddlf0O+e92GBSojb6LrFuQRA==",
        "dependencies": {
          "Microsoft.Testing.Extensions.CodeCoverage": "18.8.0",
          "Microsoft.Testing.Extensions.Telemetry": "2.2.3",
          "Microsoft.Testing.Extensions.TrxReport": "2.2.3",
          "TUnit.Assertions": "1.56.35",
          "TUnit.Engine": "1.56.35"
        }
      },
      "EnumerableAsyncProcessor": {
        "type": "Transitive",
        "resolved": "3.8.4",
        "contentHash": "KlbpupRCz3Kf+P7gsiDvFXJ980i/9lfihMZFmmxIk0Gf6mopEjy74OTJZmdaKDQpE29eQDBnMZB5khyW3eugrg=="
      },
      "Microsoft.ApplicationInsights": {
        "type": "Transitive",
        "resolved": "2.23.0",
        "contentHash": "nWArUZTdU7iqZLycLKWe0TDms48KKGE6pONH2terYNa8REXiqixrMOkf1sk5DHGMaUTqONU2YkS4SAXBhLStgw=="
      },
      "Microsoft.DiaSymReader": {
        "type": "Transitive",
        "resolved": "2.2.3",
        "contentHash": "bhwzJfzyiJM0nXJyNB7Y9OfsEXyxLdDBHG99soIp5JjnPydwkOaBdRCtRtWgQh3noSLi2cSIZ/wpbHNNE9knxQ=="
      },
      "Microsoft.Extensions.DependencyModel": {
        "type": "Transitive",
        "resolved": "8.0.2",
        "contentHash": "mUBDZZRgZrSyFOsJ2qJJ9fXfqd/kXJwf3AiDoqLD9m6TjY5OO/vLNOb9fb4juC0487eq4hcGN/M2Rh/CKS7QYw=="
      },
      "Microsoft.Testing.Extensions.CodeCoverage": {
        "type": "Transitive",
        "resolved": "18.8.0",
        "contentHash": "euA4tpkGAkfHznVQrPzXFLNaUhcRCIKPkDmJJB+A2XU9d5ymHLhQ2Do0fGc/Z2y+VFUaNnM6vHhIrb4FW+qhtg==",
        "dependencies": {
          "Microsoft.DiaSymReader": "2.2.3",
          "Microsoft.Extensions.DependencyModel": "8.0.2",
          "Microsoft.Testing.Platform": "2.2.3"
        }
      },
      "Microsoft.Testing.Extensions.Telemetry": {
        "type": "Transitive",
        "resolved": "2.2.3",
        "contentHash": "mLdW+JOR3kXYGTdgR/qc/UZBA0r+eCR2k6bUxTcuDj5w9WdIQ7Lol5MBUU7YOSGd9bs9bvhSYWAptgz0YtQqCA==",
        "dependencies": {
          "Microsoft.ApplicationInsights": "2.23.0",
          "Microsoft.Testing.Platform": "2.2.3"
        }
      },
      "Microsoft.Testing.Extensions.TrxReport": {
        "type": "Transitive",
        "resolved": "2.2.3",
        "contentHash": "9Hot3ty5ZVWHrW40k2NPfD0dCaPwIxj7j7VjujNYwpYkYw9AdbejPHjGNkL/gvUWorauJf5IkeDoUeIbS7LuUg==",
        "dependencies": {
          "Microsoft.Testing.Extensions.TrxReport.Abstractions": "2.2.3",
          "Microsoft.Testing.Platform": "2.2.3"
        }
      },
      "Microsoft.Testing.Extensions.TrxReport.Abstractions": {
        "type": "Transitive",
        "resolved": "2.2.3",
        "contentHash": "hntvxJEkmUAx6C2xXc/PO38DqEQl4rimzOgSvTR1hAMruMid7R4RcXOrzzF33J66gKaN7jRaQ0TMW/nNfaV9jw==",
        "dependencies": {
          "Microsoft.Testing.Platform": "2.2.3"
        }
      },
      "Microsoft.Testing.Platform": {
        "type": "Transitive",
        "resolved": "2.2.3",
        "contentHash": "LhM1/Qoi8Ams5QcD4r3f09CSOono9iQr3NEJQItFtyzWB55nWTgEOsVqXqMWWWIwk3nkPqc+XfnlJmp8xUI5fg=="
      },
      "Microsoft.Testing.Platform.MSBuild": {
        "type": "Transitive",
        "resolved": "2.2.3",
        "contentHash": "Q22jJYJLx4srTinsAuoCskqmzjrBJC8YeGJMHHIcrf1dQeHoEZ7wsqDzTlENkMoke2qfufF7U+9u58nlZunH/Q==",
        "dependencies": {
          "Microsoft.Testing.Platform": "2.2.3"
        }
      },
      "Mono.Cecil": {
        "type": "Transitive",
        "resolved": "0.11.6",
        "contentHash": "f33RkDtZO8VlGXCtmQIviOtxgnUdym9xx/b1p9h91CRGOsJFxCFOFK1FDbVt1OCf1aWwYejUFa2MOQyFWTFjbA=="
      },
      "SnapshotAssertions": {
        "type": "Transitive",
        "resolved": "0.7.1",
        "contentHash": "jYzVjByktXTLrRdS8aFWAE9yaDl09aw7XS6+dp3XVdKH0akQM/8F9e0wXOjcVHohA5QXsAtNtEXT+3GmpM1Biw=="
      },
      "System.CodeDom": {
        "type": "Transitive",
        "resolved": "6.0.0",
        "contentHash": "CPc6tWO1LAer3IzfZufDBRL+UZQcj5uS207NHALQzP84Vp/z6wF0Aa0YZImOQY8iStY0A2zI/e3ihKNPfUm8XA=="
      },
      "TUnit.Engine": {
        "type": "Transitive",
        "resolved": "1.56.35",
        "contentHash": "5mI0jzwiOB/PjIbk0E0pdu7PZCIPlbca9os203wkiDbAPhcsojiduO11MZmBULW51+r/8sYgt6L7MunvHtkfSQ==",
        "dependencies": {
          "EnumerableAsyncProcessor": "3.8.4",
          "Microsoft.Testing.Extensions.TrxReport.Abstractions": "2.2.3",
          "Microsoft.Testing.Platform": "2.2.3",
          "Microsoft.Testing.Platform.MSBuild": "2.2.3",
          "TUnit.Core": "1.56.35"
        }
      },
      "tracingassertions": {
        "type": "Project"
      },
      "tracingassertions.tunit": {
        "type": "Project",
        "dependencies": {
          "TUnit.Assertions": "[1.56.35, )",
          "TUnit.Core": "[1.56.35, )",
          "TracingAssertions": "[0.2.0, )"
        }
      },
      "TUnit.Assertions": {
        "type": "CentralTransitive",
        "requested": "[1.56.35, )",
        "resolved": "1.56.35",
        "contentHash": "VMkboWqU/yXm7dI9U4K79gtBxcivtZqcpOh3HsAIpcaJ9ax1iMg/M/MJlmRojKHi7cpBGW4YTQR+FJbPg7DuBg=="
      },
      "TUnit.Core": {
        "type": "CentralTransitive",
        "requested": "[1.56.35, )",
        "resolved": "1.56.35",
        "contentHash": "9F6zv7LM+BBPG9Sav7RwQfDNL9E/GTfMzg0gOJEF5+/aRDthW1KicFBxmhoH1eoXPtV/mq6d8IZybxzQ5WRcbg=="
      }
    }
  }
}